
Microsoft Visual Studio Solution File, Format Version 12.00
# Visual Studio Version 17
VisualStudioVersion = 17.3.32825.248
MinimumVisualStudioVersion = 10.0.40219.1
Project("{FAE04EC0-301F-11D3-BF4B-00C04F79EFBC}") = "ConsoleAppCalc", "ConsoleAppCalc\ConsoleAppCalc.csproj", "{67EEED9F-6A5E-48F0-B1B4-5CA9543616F0}"
EndProject
Project("{FAE04EC0-301F-11D3-BF4B-00C04F79EFBC}") = "ConsoleAppCalc.Tests", "ConsoleAppCalc.Tests\ConsoleAppCalc.Tests.csproj", "{69ED1059-909C-4056-B46C-20CAE44DCED7}"
EndProject
Global
	GlobalSection(SolutionConfigurationPlatforms) = preSolution
		Debug|Any CPU = Debug|Any CPU
		Release|Any CPU = Release|Any CPU
	EndGlobalSection
	GlobalSection(ProjectConfigurationPlatforms) = postSolution
		{67EEED9F-6A5E-48F0-B1B4-5CA9543616F0}.Debug|Any CPU.ActiveCfg = Debug|Any CPU
		{67EEED9F-6A5E-48F0-B1B4-5CA9543616F0}.Debug|Any CPU.Build.0 = Debug|Any CPU
		{67EEED9F-6A5E-48F0-B1B4-5CA9543616F0}.Release|Any CPU.ActiveCfg = Release|Any CPU
		{67EEED9F-6A5E-48F0-B1B4-5CA9543616F0}.Release|Any CPU.Build.0 = Release|Any CPU
		{69ED1059-909C-4056-B46C-20CAE44DCED7}.Debug|Any CPU.ActiveCfg = Debug|Any CPU
		{69ED1059-909C-4056-B46C-20CAE44DCED7}.Debug|Any CPU.Build.0 = Debug|Any CPU
		{69ED1059-909C-4056-B46C-20CAE44DCED7}.Release|Any CPU.ActiveCfg = Release|Any CPU
		{69ED1059-909C-4056-B46C-20CAE44DCED7}.Release|Any CPU.Build.0 = Release|Any CPU
	EndGlobalSection
	GlobalSection(SolutionProperties) = preSolution
		HideSolutionNode = FALSE
	EndGlobalSection
	GlobalSection(ExtensibilityGlobals) = postSolution
		SolutionGuid = {D0EB54B7-4DB5-4C05-B9FC-42DEE9E0FF00}
	EndGlobalSection
EndGlobal
